PODS:
  - AEAccordion (2.1.0)
  - UPCarouselFlowLayout (1.1.1)

DEPENDENCIES:
  - AEAccordion
  - UPCarouselFlowLayout

SPEC CHECKSUMS:
  AEAccordion: 5ad8bdc99478f76379857e5351547252a7cfbf12
  UPCarouselFlowLayout: 02045c1505d63057fba3d9975be880a8d16bf17d

PODFILE CHECKSUM: f94e3eecc073da835c2e062a4fcd3f3e3688d9c6

COCOAPODS: 1.4.0
